
Microsoft Visual Studio Solution File, Format Version 12.00
# Visual Studio Version 17
VisualStudioVersion = 17.4.33015.44
MinimumVisualStudioVersion = 10.0.40219.1
Project("{FAE04EC0-301F-11D3-BF4B-00C04F79EFBC}") = "Bearings2000.Portal.Web", "Bearings2000.Portal.Web\Bearings2000.Portal.Web.csproj", "{614F589F-9E5D-4E69-93D2-BA229B42642A}"
EndProject
Global
	GlobalSection(SolutionConfigurationPlatforms) = preSolution
		Debug|Any CPU = Debug|Any CPU
		Release|Any CPU = Release|Any CPU
	EndGlobalSection
	GlobalSection(ProjectConfigurationPlatforms) = postSolution
		{614F589F-9E5D-4E69-93D2-BA229B42642A}.Debug|Any CPU.ActiveCfg = Debug|Any CPU
		{614F589F-9E5D-4E69-93D2-BA229B42642A}.Debug|Any CPU.Build.0 = Debug|Any CPU
		{614F589F-9E5D-4E69-93D2-BA229B42642A}.Release|Any CPU.ActiveCfg = Release|Any CPU
		{614F589F-9E5D-4E69-93D2-BA229B42642A}.Release|Any CPU.Build.0 = Release|Any CPU
	EndGlobalSection
	GlobalSection(SolutionProperties) = preSolution
		HideSolutionNode = FALSE
	EndGlobalSection
	GlobalSection(ExtensibilityGlobals) = postSolution
		SolutionGuid = {0375C209-66AA-4E66-B2E5-0A8C0D397C4D}
	EndGlobalSection
EndGlobal
